
Microsoft Visual Studio Solution File, Format Version 12.00
# Visual Studio 14
VisualStudioVersion = 14.0.23107.0
MinimumVisualStudioVersion = 10.0.40219.1
Project("{2150E333-8FDC-42A3-9474-1A3956D46DE8}") = "src", "src", "{DBCFF39D-5344-40D4-8760-A4169BEB2971}"
EndProject
Project("{2150E333-8FDC-42A3-9474-1A3956D46DE8}") = "Solution Items", "Solution Items", "{61F8F457-B19D-4CDC-A3C5-C72D7AD98368}"
	ProjectSection(SolutionItems) = preProject
		global.json = global.json
	EndProjectSection
EndProject
Project("{8BB2217D-0F2D-49D1-97BC-3654ED321F3B}") = "Panther.CMS", "src\Panther.CMS\Panther.CMS.xproj", "{A74B1DC5-5265-4862-A6FE-D0F709ACE820}"
EndProject
Project("{2150E333-8FDC-42A3-9474-1A3956D46DE8}") = "samples", "samples", "{F59F4038-EBDA-424C-A618-BDDBC45B7CCB}"
EndProject
Project("{8BB2217D-0F2D-49D1-97BC-3654ED321F3B}") = "Panther.CMS.Demo", "samples\Panther.CMS.Demo\Panther.CMS.Demo.xproj", "{90108BDA-1903-4E53-AF51-544B4CB5FDC9}"
EndProject
Project("{8BB2217D-0F2D-49D1-97BC-3654ED321F3B}") = "Panther.CMS.AdminV2", "src\Panther.CMS.AdminV2\Panther.CMS.AdminV2.xproj", "{4EDC7893-D523-4A12-A1F4-7239CF3D6266}"
EndProject
Global
	GlobalSection(SolutionConfigurationPlatforms) = preSolution
		Debug|Any CPU = Debug|Any CPU
		Release|Any CPU = Release|Any CPU
	EndGlobalSection
	GlobalSection(ProjectConfigurationPlatforms) = postSolution
		{A74B1DC5-5265-4862-A6FE-D0F709ACE820}.Debug|Any CPU.ActiveCfg = Debug|Any CPU
		{A74B1DC5-5265-4862-A6FE-D0F709ACE820}.Debug|Any CPU.Build.0 = Debug|Any CPU
		{A74B1DC5-5265-4862-A6FE-D0F709ACE820}.Release|Any CPU.ActiveCfg = Release|Any CPU
		{A74B1DC5-5265-4862-A6FE-D0F709ACE820}.Release|Any CPU.Build.0 = Release|Any CPU
		{90108BDA-1903-4E53-AF51-544B4CB5FDC9}.Debug|Any CPU.ActiveCfg = Debug|Any CPU
		{90108BDA-1903-4E53-AF51-544B4CB5FDC9}.Debug|Any CPU.Build.0 = Debug|Any CPU
		{90108BDA-1903-4E53-AF51-544B4CB5FDC9}.Release|Any CPU.ActiveCfg = Release|Any CPU
		{90108BDA-1903-4E53-AF51-544B4CB5FDC9}.Release|Any CPU.Build.0 = Release|Any CPU
		{4EDC7893-D523-4A12-A1F4-7239CF3D6266}.Debug|Any CPU.ActiveCfg = Debug|Any CPU
		{4EDC7893-D523-4A12-A1F4-7239CF3D6266}.Debug|Any CPU.Build.0 = Debug|Any CPU
		{4EDC7893-D523-4A12-A1F4-7239CF3D6266}.Release|Any CPU.ActiveCfg = Release|Any CPU
		{4EDC7893-D523-4A12-A1F4-7239CF3D6266}.Release|Any CPU.Build.0 = Release|Any CPU
	EndGlobalSection
	GlobalSection(SolutionProperties) = preSolution
		HideSolutionNode = FALSE
	EndGlobalSection
	GlobalSection(NestedProjects) = preSolution
		{A74B1DC5-5265-4862-A6FE-D0F709ACE820} = {DBCFF39D-5344-40D4-8760-A4169BEB2971}
		{90108BDA-1903-4E53-AF51-544B4CB5FDC9} = {F59F4038-EBDA-424C-A618-BDDBC45B7CCB}
		{4EDC7893-D523-4A12-A1F4-7239CF3D6266} = {DBCFF39D-5344-40D4-8760-A4169BEB2971}
	EndGlobalSection
EndGlobal
